// !$*UTF8*$!
{
	archiveVersion = 1;
	classes = {
	};
	objectVersion = 50;
	objects = {

/* Begin PBXBuildFile section */
		CE21855525E9146E00CBE507 /* CallView.swift in Sources */ = {isa = PBXBuildFile; fileRef = CE21855425E9146E00CBE507 /* CallView.swift */; };
		CE2185A125EBE73400CBE507 /* LoginView.swift in Sources */ = {isa = PBXBuildFile; fileRef = CE2185A025EBE73300CBE507 /* LoginView.swift */; };
		CE9E756D25EDB4E9005FE21F /* IconView.swift in Sources */ = {isa = PBXBuildFile; fileRef = CE9E756C25EDB4E9005FE21F /* IconView.swift */; };
		CE9E757225EDBD83005FE21F /* Pass.swift in Sources */ = {isa = PBXBuildFile; fileRef = CE9E757125EDBD83005FE21F /* Pass.swift */; };
		CEB025FA25E6ADDD009B26A5 /* AppDelegate.swift in Sources */ = {isa = PBXBuildFile; fileRef = CEB025F925E6ADDD009B26A5 /* AppDelegate.swift */; };
		CEB025FC25E6ADDD009B26A5 /* SceneDelegate.swift in Sources */ = {isa = PBXBuildFile; fileRef = CEB025FB25E6ADDD009B26A5 /* SceneDelegate.swift */; };
		CEB025FE25E6ADDD009B26A5 /* ContentView.swift in Sources */ = {isa = PBXBuildFile; fileRef = CEB025FD25E6ADDD009B26A5 /* ContentView.swift */; };
		CEB0260025E6ADE0009B26A5 /* Assets.xcassets in Resources */ = {isa = PBXBuildFile; fileRef = CEB025FF25E6ADE0009B26A5 /* Assets.xcassets */; };
		CEB0260325E6ADE0009B26A5 /* Preview Assets.xcassets in Resources */ = {isa = PBXBuildFile; fileRef = CEB0260225E6ADE0009B26A5 /* Preview Assets.xcassets */; };
		CEB0260625E6ADE0009B26A5 /* LaunchScreen.storyboard in Resources */ = {isa = PBXBuildFile; fileRef = CEB0260425E6ADE0009B26A5 /* LaunchScreen.storyboard */; };
		CEB0261125E6ADE0009B26A5 /* obelisk2Tests.swift in Sources */ = {isa = PBXBuildFile; fileRef = CEB0261025E6ADE0009B26A5 /* obelisk2Tests.swift */; };
		CEB0261C25E6ADE0009B26A5 /* obelisk2UITests.swift in Sources */ = {isa = PBXBuildFile; fileRef = CEB0261B25E6ADE0009B26A5 /* obelisk2UITests.swift */; };
		CEB0262D25E6AF6C009B26A5 /* SecondView.swift in Sources */ = {isa = PBXBuildFile; fileRef = CEB0262C25E6AF6C009B26A5 /* SecondView.swift */; };
		CEB0263225E6AF91009B26A5 /* ScreenTransitionView.swift in Sources */ = {isa = PBXBuildFile; fileRef = CEB0263125E6AF91009B26A5 /* ScreenTransitionView.swift */; };
/* End PBXBuildFile section */

/* Begin PBXContainerItemProxy section */
		CEB0260D25E6ADE0009B26A5 /* PBXContainerItemProxy */ = {
			isa = PBXContainerItemProxy;
			containerPortal = CEB025EE25E6ADDD009B26A5 /* Project object */;
			proxyType = 1;
			remoteGlobalIDString = CEB025F525E6ADDD009B26A5;
			remoteInfo = obelisk2;
		};
		CEB0261825E6ADE0009B26A5 /* PBXContainerItemProxy */ = {
			isa = PBXContainerItemProxy;
			containerPortal = CEB025EE25E6ADDD009B26A5 /* Project object */;
			proxyType = 1;
			remoteGlobalIDString = CEB025F525E6ADDD009B26A5;
			remoteInfo = obelisk2;
		};
/* End PBXContainerItemProxy section */

/* Begin PBXFileReference section */
		CE21855425E9146E00CBE507 /* CallView.swift */ = {isa = PBXFileReference; lastKnownFileType = sourcecode.swift; path = CallView.swift; sourceTree = "<group>"; };
		CE2185A025EBE73300CBE507 /* LoginView.swift */ = {isa = PBXFileReference; lastKnownFileType = sourcecode.swift; path = LoginView.swift; sourceTree = "<group>"; };
		CE9E756C25EDB4E9005FE21F /* IconView.swift */ = {isa = PBXFileReference; lastKnownFileType = sourcecode.swift; path = IconView.swift; sourceTree = "<group>"; };
		CE9E757125EDBD83005FE21F /* Pass.swift */ = {isa = PBXFileReference; lastKnownFileType = sourcecode.swift; name = Pass.swift; path = Transition/Pass.swift; sourceTree = "<group>"; };
		CEB025F625E6ADDD009B26A5 /* obelisk2.app */ = {isa = PBXFileReference; explicitFileType = wrapper.application; includeInIndex = 0; path = obelisk2.app; sourceTree = BUILT_PRODUCTS_DIR; };
		CEB025F925E6ADDD009B26A5 /* AppDelegate.swift */ = {isa = PBXFileReference; lastKnownFileType = sourcecode.swift; path = AppDelegate.swift; sourceTree = "<group>"; };
		CEB025FB25E6ADDD009B26A5 /* SceneDelegate.swift */ = {isa = PBXFileReference; lastKnownFileType = sourcecode.swift; path = SceneDelegate.swift; sourceTree = "<group>"; };
		CEB025FD25E6ADDD009B26A5 /* ContentView.swift */ = {isa = PBXFileReference; lastKnownFileType = sourcecode.swift; path = ContentView.swift; sourceTree = "<group>"; };
		CEB025FF25E6ADE0009B26A5 /* Assets.xcassets */ = {isa = PBXFileReference; lastKnownFileType = folder.assetcatalog; path = Assets.xcassets; sourceTree = "<group>"; };
		CEB0260225E6ADE0009B26A5 /* Preview Assets.xcassets */ = {isa = PBXFileReference; lastKnownFileType = folder.assetcatalog; path = "Preview Assets.xcassets"; sourceTree = "<group>"; };
		CEB0260525E6ADE0009B26A5 /* Base */ = {isa = PBXFileReference; lastKnownFileType = file.storyboard; name = Base; path = Base.lproj/LaunchScreen.storyboard; sourceTree = "<group>"; };
		CEB0260725E6ADE0009B26A5 /* Info.plist */ = {isa = PBXFileReference; lastKnownFileType = text.plist.xml; path = Info.plist; sourceTree = "<group>"; };
		CEB0260C25E6ADE0009B26A5 /* obelisk2Tests.xctest */ = {isa = PBXFileReference; explicitFileType = wrapper.cfbundle; includeInIndex = 0; path = obelisk2Tests.xctest; sourceTree = BUILT_PRODUCTS_DIR; };
		CEB0261025E6ADE0009B26A5 /* obelisk2Tests.swift */ = {isa = PBXFileReference; lastKnownFileType = sourcecode.swift; path = obelisk2Tests.swift; sourceTree = "<group>"; };
		CEB0261225E6ADE0009B26A5 /* Info.plist */ = {isa = PBXFileReference; lastKnownFileType = text.plist.xml; path = Info.plist; sourceTree = "<group>"; };
		CEB0261725E6ADE0009B26A5 /* obelisk2UITests.xctest */ = {isa = PBXFileReference; explicitFileType = wrapper.cfbundle; includeInIndex = 0; path = obelisk2UITests.xctest; sourceTree = BUILT_PRODUCTS_DIR; };
		CEB0261B25E6ADE0009B26A5 /* obelisk2UITests.swift */ = {isa = PBXFileReference; lastKnownFileType = sourcecode.swift; path = obelisk2UITests.swift; sourceTree = "<group>"; };
		CEB0261D25E6ADE0009B26A5 /* Info.plist */ = {isa = PBXFileReference; lastKnownFileType = text.plist.xml; path = Info.plist; sourceTree = "<group>"; };
		CEB0262C25E6AF6C009B26A5 /* SecondView.swift */ = {isa = PBXFileReference; lastKnownFileType = sourcecode.swift; path = SecondView.swift; sourceTree = "<group>"; };
		CEB0263125E6AF91009B26A5 /* ScreenTransitionView.swift */ = {isa = PBXFileReference; lastKnownFileType = sourcecode.swift; path = ScreenTransitionView.swift; sourceTree = "<group>"; };
/* End PBXFileReference section */

/* Begin PBXFrameworksBuildPhase section */
		CEB025F325E6ADDD009B26A5 /* Frameworks */ = {
			isa = PBXFrameworksBuildPhase;
			buildActionMask = 2147483647;
			files = (
			);
			runOnlyForDeploymentPostprocessing = 0;
		};
		CEB0260925E6ADE0009B26A5 /* Frameworks */ = {
			isa = PBXFrameworksBuildPhase;
			buildActionMask = 2147483647;
			files = (
			);
			runOnlyForDeploymentPostprocessing = 0;
		};
		CEB0261425E6ADE0009B26A5 /* Frameworks */ = {
			isa = PBXFrameworksBuildPhase;
			buildActionMask = 2147483647;
			files = (
			);
			runOnlyForDeploymentPostprocessing = 0;
		};
/* End PBXFrameworksBuildPhase section */

/* Begin PBXGroup section */
		CEB025ED25E6ADDD009B26A5 = {
			isa = PBXGroup;
			children = (
				CEB025F825E6ADDD009B26A5 /* obelisk2 */,
				CEB0260F25E6ADE0009B26A5 /* obelisk2Tests */,
				CEB0261A25E6ADE0009B26A5 /* obelisk2UITests */,
				CEB025F725E6ADDD009B26A5 /* Products */,
			);
			sourceTree = "<group>";
		};
		CEB025F725E6ADDD009B26A5 /* Products */ = {
			isa = PBXGroup;
			children = (
				CEB025F625E6ADDD009B26A5 /* obelisk2.app */,
				CEB0260C25E6ADE0009B26A5 /* obelisk2Tests.xctest */,
				CEB0261725E6ADE0009B26A5 /* obelisk2UITests.xctest */,
			);
			name = Products;
			sourceTree = "<group>";
		};
		CEB025F825E6ADDD009B26A5 /* obelisk2 */ = {
			isa = PBXGroup;
			children = (
				CEB025F925E6ADDD009B26A5 /* AppDelegate.swift */,
				CEB025FB25E6ADDD009B26A5 /* SceneDelegate.swift */,
				CE2185A025EBE73300CBE507 /* LoginView.swift */,
				CE9E757125EDBD83005FE21F /* Pass.swift */,
				CE9E756C25EDB4E9005FE21F /* IconView.swift */,
				CEB025FD25E6ADDD009B26A5 /* ContentView.swift */,
				CEB0262C25E6AF6C009B26A5 /* SecondView.swift */,
				CE21855425E9146E00CBE507 /* CallView.swift */,
				CEB0263125E6AF91009B26A5 /* ScreenTransitionView.swift */,
				CEB025FF25E6ADE0009B26A5 /* Assets.xcassets */,
				CEB0260425E6ADE0009B26A5 /* LaunchScreen.storyboard */,
				CEB0260725E6ADE0009B26A5 /* Info.plist */,
				CEB0260125E6ADE0009B26A5 /* Preview Content */,
			);
			path = obelisk2;
			sourceTree = "<group>";
		};
		CEB0260125E6ADE0009B26A5 /* Preview Content */ = {
			isa = PBXGroup;
			children = (
				CEB0260225E6ADE0009B26A5 /* Preview Assets.xcassets */,
			);
			path = "Preview Content";
			sourceTree = "<group>";
		};
		CEB0260F25E6ADE0009B26A5 /* obelisk2Tests */ = {
			isa = PBXGroup;
			children = (
				CEB0261025E6ADE0009B26A5 /* obelisk2Tests.swift */,
				CEB0261225E6ADE0009B26A5 /* Info.plist */,
			);
			path = obelisk2Tests;
			sourceTree = "<group>";
		};
		CEB0261A25E6ADE0009B26A5 /* obelisk2UITests */ = {
			isa = PBXGroup;
			children = (
				CEB0261B25E6ADE0009B26A5 /* obelisk2UITests.swift */,
				CEB0261D25E6ADE0009B26A5 /* Info.plist */,
			);
			path = obelisk2UITests;
			sourceTree = "<group>";
		};
/* End PBXGroup section */

/* Begin PBXNativeTarget section */
		CEB025F525E6ADDD009B26A5 /* obelisk2 */ = {
			isa = PBXNativeTarget;
			buildConfigurationList = CEB0262025E6ADE0009B26A5 /* Build configuration list for PBXNativeTarget "obelisk2" */;
			buildPhases = (
				CEB025F225E6ADDD009B26A5 /* Sources */,
				CEB025F325E6ADDD009B26A5 /* Frameworks */,
				CEB025F425E6ADDD009B26A5 /* Resources */,
			);
			buildRules = (
			);
			dependencies = (
			);
			name = obelisk2;
			productName = obelisk2;
			productReference = CEB025F625E6ADDD009B26A5 /* obelisk2.app */;
			productType = "com.apple.product-type.application";
		};
		CEB0260B25E6ADE0009B26A5 /* obelisk2Tests */ = {
			isa = PBXNativeTarget;
			buildConfigurationList = CEB0262325E6ADE0009B26A5 /* Build configuration list for PBXNativeTarget "obelisk2Tests" */;
			buildPhases = (
				CEB0260825E6ADE0009B26A5 /* Sources */,
				CEB0260925E6ADE0009B26A5 /* Frameworks */,
				CEB0260A25E6ADE0009B26A5 /* Resources */,
			);
			buildRules = (
			);
			dependencies = (
				CEB0260E25E6ADE0009B26A5 /* PBXTargetDependency */,
			);
			name = obelisk2Tests;
			productName = obelisk2Tests;
			productReference = CEB0260C25E6ADE0009B26A5 /* obelisk2Tests.xctest */;
			productType = "com.apple.product-type.bundle.unit-test";
		};
		CEB0261625E6ADE0009B26A5 /* obelisk2UITests */ = {
			isa = PBXNativeTarget;
			buildConfigurationList = CEB0262625E6ADE0009B26A5 /* Build configuration list for PBXNativeTarget "obelisk2UITests" */;
			buildPhases = (
				CEB0261325E6ADE0009B26A5 /* Sources */,
				CEB0261425E6ADE0009B26A5 /* Frameworks */,
				CEB0261525E6ADE0009B26A5 /* Resources */,
			);
			buildRules = (
			);
			dependencies = (
				CEB0261925E6ADE0009B26A5 /* PBXTargetDependency */,
			);
			name = obelisk2UITests;
			productName = obelisk2UITests;
			productReference = CEB0261725E6ADE0009B26A5 /* obelisk2UITests.xctest */;
			productType = "com.apple.product-type.bundle.ui-testing";
		};
/* End PBXNativeTarget section */

/* Begin PBXProject section */
		CEB025EE25E6ADDD009B26A5 /* Project object */ = {
			isa = PBXProject;
			attributes = {
				LastSwiftUpdateCheck = 1240;
				LastUpgradeCheck = 1240;
				TargetAttributes = {
					CEB025F525E6ADDD009B26A5 = {
						CreatedOnToolsVersion = 12.4;
					};
					CEB0260B25E6ADE0009B26A5 = {
						CreatedOnToolsVersion = 12.4;
						TestTargetID = CEB025F525E6ADDD009B26A5;
					};
					CEB0261625E6ADE0009B26A5 = {
						CreatedOnToolsVersion = 12.4;
						TestTargetID = CEB025F525E6ADDD009B26A5;
					};
				};
			};
			buildConfigurationList = CEB025F125E6ADDD009B26A5 /* Build configuration list for PBXProject "obelisk2" */;
			compatibilityVersion = "Xcode 9.3";
			developmentRegion = en;
			hasScannedForEncodings = 0;
			knownRegions = (
				en,
				Base,
			);
			mainGroup = CEB025ED25E6ADDD009B26A5;
			productRefGroup = CEB025F725E6ADDD009B26A5 /* Products */;
			projectDirPath = "";
			projectRoot = "";
			targets = (
				CEB025F525E6ADDD009B26A5 /* obelisk2 */,
				CEB0260B25E6ADE0009B26A5 /* obelisk2Tests */,
				CEB0261625E6ADE0009B26A5 /* obelisk2UITests */,
			);
		};
/* End PBXProject section */

/* Begin PBXResourcesBuildPhase section */
		CEB025F425E6ADDD009B26A5 /* Resources */ = {
			isa = PBXResourcesBuildPhase;
			buildActionMask = 2147483647;
			files = (
				CEB0260625E6ADE0009B26A5 /* LaunchScreen.storyboard in Resources */,
				CEB0260325E6ADE0009B26A5 /* Preview Assets.xcassets in Resources */,
				CEB0260025E6ADE0009B26A5 /* Assets.xcassets in Resources */,
			);
			runOnlyForDeploymentPostprocessing = 0;
		};
		CEB0260A25E6ADE0009B26A5 /* Resources */ = {
			isa = PBXResourcesBuildPhase;
			buildActionMask = 2147483647;
			files = (
			);
			runOnlyForDeploymentPostprocessing = 0;
		};
		CEB0261525E6ADE0009B26A5 /* Resources */ = {
			isa = PBXResourcesBuildPhase;
			buildActionMask = 2147483647;
			files = (
			);
			runOnlyForDeploymentPostprocessing = 0;
		};
/* End PBXResourcesBuildPhase section */

/* Begin PBXSourcesBuildPhase section */
		CEB025F225E6ADDD009B26A5 /* Sources */ = {
			isa = PBXSourcesBuildPhase;
			buildActionMask = 2147483647;
			files = (
				CEB025FA25E6ADDD009B26A5 /* AppDelegate.swift in Sources */,
				CE21855525E9146E00CBE507 /* CallView.swift in Sources */,
				CEB025FC25E6ADDD009B26A5 /* SceneDelegate.swift in Sources */,
				CE9E756D25EDB4E9005FE21F /* IconView.swift in Sources */,
				CE9E757225EDBD83005FE21F /* Pass.swift in Sources */,
				CEB0263225E6AF91009B26A5 /* ScreenTransitionView.swift in Sources */,
				CEB0262D25E6AF6C009B26A5 /* SecondView.swift in Sources */,
				CE2185A125EBE73400CBE507 /* LoginView.swift in Sources */,
				CEB025FE25E6ADDD009B26A5 /* ContentView.swift in Sources */,
			);
			runOnlyForDeploymentPostprocessing = 0;
		};
		CEB0260825E6ADE0009B26A5 /* Sources */ = {
			isa = PBXSourcesBuildPhase;
			buildActionMask = 2147483647;
			files = (
				CEB0261125E6ADE0009B26A5 /* obelisk2Tests.swift in Sources */,
			);
			runOnlyForDeploymentPostprocessing = 0;
		};
		CEB0261325E6ADE0009B26A5 /* Sources */ = {
			isa = PBXSourcesBuildPhase;
			buildActionMask = 2147483647;
			files = (
				CEB0261C25E6ADE0009B26A5 /* obelisk2UITests.swift in Sources */,
			);
			runOnlyForDeploymentPostprocessing = 0;
		};
/* End PBXSourcesBuildPhase section */

/* Begin PBXTargetDependency section */
		CEB0260E25E6ADE0009B26A5 /* PBXTargetDependency */ = {
			isa = PBXTargetDependency;
			target = CEB025F525E6ADDD009B26A5 /* obelisk2 */;
			targetProxy = CEB0260D25E6ADE0009B26A5 /* PBXContainerItemProxy */;
		};
		CEB0261925E6ADE0009B26A5 /* PBXTargetDependency */ = {
			isa = PBXTargetDependency;
			target = CEB025F525E6ADDD009B26A5 /* obelisk2 */;
			targetProxy = CEB0261825E6ADE0009B26A5 /* PBXContainerItemProxy */;
		};
/* End PBXTargetDependency section */

/* Begin PBXVariantGroup section */
		CEB0260425E6ADE0009B26A5 /* LaunchScreen.storyboard */ = {
			isa = PBXVariantGroup;
			children = (
				CEB0260525E6ADE0009B26A5 /* Base */,
			);
			name = LaunchScreen.storyboard;
			sourceTree = "<group>";
		};
/* End PBXVariantGroup section */

/* Begin XCBuildConfiguration section */
		CEB0261E25E6ADE0009B26A5 /* Debug */ = {
			isa = XCBuildConfiguration;
			buildSettings = {
				ALWAYS_SEARCH_USER_PATHS = NO;
				CLANG_ANALYZER_NONNULL = YES;
				CLANG_ANALYZER_NUMBER_OBJECT_CONVERSION = YES_AGGRESSIVE;
				CLANG_CXX_LANGUAGE_STANDARD = "gnu++14";
				CLANG_CXX_LIBRARY = "libc++";
				CLANG_ENABLE_MODULES = YES;
				CLANG_ENABLE_OBJC_ARC = YES;
				CLANG_ENABLE_OBJC_WEAK = YES;
				CLANG_WARN_BLOCK_CAPTURE_AUTORELEASING = YES;
				CLANG_WARN_BOOL_CONVERSION = YES;
				CLANG_WARN_COMMA = YES;
				CLANG_WARN_CONSTANT_CONVERSION = YES;
				CLANG_WARN_DEPRECATED_OBJC_IMPLEMENTATIONS = YES;
				CLANG_WARN_DIRECT_OBJC_ISA_USAGE = YES_ERROR;
				CLANG_WARN_DOCUMENTATION_COMMENTS = YES;
				CLANG_WARN_EMPTY_BODY = YES;
				CLANG_WARN_ENUM_CONVERSION = YES;
				CLANG_WARN_INFINITE_RECURSION = YES;
				CLANG_WARN_INT_CONVERSION = YES;
				CLANG_WARN_NON_LITERAL_NULL_CONVERSION = YES;
				CLANG_WARN_OBJC_IMPLICIT_RETAIN_SELF = YES;
				CLANG_WARN_OBJC_LITERAL_CONVERSION = YES;
				CLANG_WARN_OBJC_ROOT_CLASS = YES_ERROR;
				CLANG_WARN_QUOTED_INCLUDE_IN_FRAMEWORK_HEADER = YES;
				CLANG_WARN_RANGE_LOOP_ANALYSIS = YES;
				CLANG_WARN_STRICT_PROTOTYPES = YES;
				CLANG_WARN_SUSPICIOUS_MOVE = YES;
				CLANG_WARN_UNGUARDED_AVAILABILITY = YES_AGGRESSIVE;
				CLANG_WARN_UNREACHABLE_CODE = YES;
				CLANG_WARN__DUPLICATE_METHOD_MATCH = YES;
				CODE_SIGN_IDENTITY = "iPhone Developer";
				CODE_SIGN_STYLE = Automatic;
				COPY_PHASE_STRIP = NO;
				DEBUG_INFORMATION_FORMAT = dwarf;
				DEVELOPMENT_TEAM = 5HAA5T754N;
				ENABLE_HARDENED_RUNTIME = YES;
				ENABLE_STRICT_OBJC_MSGSEND = YES;
				ENABLE_TESTABILITY = YES;
				GCC_C_LANGUAGE_STANDARD = gnu11;
				GCC_DYNAMIC_NO_PIC = NO;
				GCC_NO_COMMON_BLOCKS = YES;
				GCC_OPTIMIZATION_LEVEL = 0;
				GCC_PREPROCESSOR_DEFINITIONS = (
					"DEBUG=1",
					"$(inherited)",
				);
				GCC_WARN_64_TO_32_BIT_CONVERSION = YES;
				GCC_WARN_ABOUT_RETURN_TYPE = YES_ERROR;
				GCC_WARN_UNDECLARED_SELECTOR = YES;
				GCC_WARN_UNINITIALIZED_AUTOS = YES_AGGRESSIVE;
				GCC_WARN_UNUSED_FUNCTION = YES;
				GCC_WARN_UNUSED_VARIABLE = YES;
				IPHONEOS_DEPLOYMENT_TARGET = 14.4;
				MTL_ENABLE_DEBUG_INFO = INCLUDE_SOURCE;
				MTL_FAST_MATH = YES;
				ONLY_ACTIVE_ARCH = YES;
				SDKROOT = iphoneos;
				SWIFT_ACTIVE_COMPILATION_CONDITIONS = DEBUG;
				SWIFT_OPTIMIZATION_LEVEL = "-Onone";
			};
			name = Debug;
		};
		CEB0261F25E6ADE0009B26A5 /* Release */ = {
			isa = XCBuildConfiguration;
			buildSettings = {
				ALWAYS_SEARCH_USER_PATHS = NO;
				CLANG_ANALYZER_NONNULL = YES;
				CLANG_ANALYZER_NUMBER_OBJECT_CONVERSION = YES_AGGRESSIVE;
				CLANG_CXX_LANGUAGE_STANDARD = "gnu++14";
				CLANG_CXX_LIBRARY = "libc++";
				CLANG_ENABLE_MODULES = YES;
				CLANG_ENABLE_OBJC_ARC = YES;
				CLANG_ENABLE_OBJC_WEAK = YES;
				CLANG_WARN_BLOCK_CAPTURE_AUTORELEASING = YES;
				CLANG_WARN_BOOL_CONVERSION = YES;
				CLANG_WARN_COMMA = YES;
				CLANG_WARN_CONSTANT_CONVERSION = YES;
				CLANG_WARN_DEPRECATED_OBJC_IMPLEMENTATIONS = YES;
				CLANG_WARN_DIRECT_OBJC_ISA_USAGE = YES_ERROR;
				CLANG_WARN_DOCUMENTATION_COMMENTS = YES;
				CLANG_WARN_EMPTY_BODY = YES;
				CLANG_WARN_ENUM_CONVERSION = YES;
				CLANG_WARN_INFINITE_RECURSION = YES;
				CLANG_WARN_INT_CONVERSION = YES;
				CLANG_WARN_NON_LITERAL_NULL_CONVERSION = YES;
				CLANG_WARN_OBJC_IMPLICIT_RETAIN_SELF = YES;
				CLANG_WARN_OBJC_LITERAL_CONVERSION = YES;
				CLANG_WARN_OBJC_ROOT_CLASS = YES_ERROR;
				CLANG_WARN_QUOTED_INCLUDE_IN_FRAMEWORK_HEADER = YES;
				CLANG_WARN_RANGE_LOOP_ANALYSIS = YES;
				CLANG_WARN_STRICT_PROTOTYPES = YES;
				CLANG_WARN_SUSPICIOUS_MOVE = YES;
				CLANG_WARN_UNGUARDED_AVAILABILITY = YES_AGGRESSIVE;
				CLANG_WARN_UNREACHABLE_CODE = YES;
				CLANG_WARN__DUPLICATE_METHOD_MATCH = YES;
				CODE_SIGN_IDENTITY = "iPhone Developer";
				CODE_SIGN_STYLE = Manual;
				COPY_PHASE_STRIP = NO;
				DEBUG_INFORMATION_FORMAT = "dwarf-with-dsym";
				DEVELOPMENT_TEAM = 5HAA5T754N;
				ENABLE_HARDENED_RUNTIME = YES;
				ENABLE_NS_ASSERTIONS = NO;
				ENABLE_STRICT_OBJC_MSGSEND = YES;
				GCC_C_LANGUAGE_STANDARD = gnu11;
				GCC_NO_COMMON_BLOCKS = YES;
				GCC_WARN_64_TO_32_BIT_CONVERSION = YES;
				GCC_WARN_ABOUT_RETURN_TYPE = YES_ERROR;
				GCC_WARN_UNDECLARED_SELECTOR = YES;
				GCC_WARN_UNINITIALIZED_AUTOS = YES_AGGRESSIVE;
				GCC_WARN_UNUSED_FUNCTION = YES;
				GCC_WARN_UNUSED_VARIABLE = YES;
				IPHONEOS_DEPLOYMENT_TARGET = 14.4;
				MTL_ENABLE_DEBUG_INFO = NO;
				MTL_FAST_MATH = YES;
				SDKROOT = iphoneos;
				SWIFT_COMPILATION_MODE = wholemodule;
				SWIFT_OPTIMIZATION_LEVEL = "-O";
				VALIDATE_PRODUCT = YES;
			};
			name = Release;
		};
		CEB0262125E6ADE0009B26A5 /* Debug */ = {
			isa = XCBuildConfiguration;
			buildSettings = {
				ASSETCATALOG_COMPILER_APPICON_NAME = AppIcon;
				ASSETCATALOG_COMPILER_GLOBAL_ACCENT_COLOR_NAME = AccentColor;
				CODE_SIGN_IDENTITY = "iPhone Developer";
				CODE_SIGN_STYLE = Automatic;
				DEVELOPMENT_ASSET_PATHS = "\"obelisk2/Preview Content\"";
				DEVELOPMENT_TEAM = 5HAA5T754N;
				ENABLE_HARDENED_RUNTIME = NO;
				ENABLE_PREVIEWS = YES;
				INFOPLIST_FILE = obelisk2/Info.plist;
				LD_RUNPATH_SEARCH_PATHS = (
					"$(inherited)",
					"@executable_path/Frameworks",
				);
				PRODUCT_BUNDLE_IDENTIFIER = squere.obelisk2;
				PRODUCT_NAME = "$(TARGET_NAME)";
				PROVISIONING_PROFILE_SPECIFIER = "";
				SWIFT_VERSION = 5.0;
				TARGETED_DEVICE_FAMILY = 1;
			};
			name = Debug;
		};
		CEB0262225E6ADE0009B26A5 /* Release */ = {
			isa = XCBuildConfiguration;
			buildSettings = {
				ASSETCATALOG_COMPILER_APPICON_NAME = AppIcon;
				ASSETCATALOG_COMPILER_GLOBAL_ACCENT_COLOR_NAME = AccentColor;
				CODE_SIGN_IDENTITY = "iPhone Developer";
				CODE_SIGN_STYLE = Automatic;
				DEVELOPMENT_ASSET_PATHS = "\"obelisk2/Preview Content\"";
				DEVELOPMENT_TEAM = 5HAA5T754N;
				ENABLE_HARDENED_RUNTIME = NO;
				ENABLE_PREVIEWS = YES;
				INFOPLIST_FILE = obelisk2/Info.plist;
				LD_RUNPATH_SEARCH_PATHS = (
					"$(inherited)",
					"@executable_path/Frameworks",
				);
				PRODUCT_BUNDLE_IDENTIFIER = squere.obelisk2;
				PRODUCT_NAME = "$(TARGET_NAME)";
				PROVISIONING_PROFILE_SPECIFIER = "";
				SWIFT_VERSION = 5.0;
				TARGETED_DEVICE_FAMILY = 1;
			};
			name = Release;
		};
		CEB0262425E6ADE0009B26A5 /* Debug */ = {
			isa = XCBuildConfiguration;
			buildSettings = {
				ALWAYS_EMBED_SWIFT_STANDARD_LIBRARIES = YES;
				BUNDLE_LOADER = "$(TEST_HOST)";
				CODE_SIGN_IDENTITY = "iPhone Developer";
				CODE_SIGN_STYLE = Automatic;
				DEVELOPMENT_TEAM = 5HAA5T754N;
				ENABLE_HARDENED_RUNTIME = YES;
				INFOPLIST_FILE = obelisk2Tests/Info.plist;
				IPHONEOS_DEPLOYMENT_TARGET = 14.4;
				LD_RUNPATH_SEARCH_PATHS = (
					"$(inherited)",
					"@executable_path/Frameworks",
					"@loader_path/Frameworks",
				);
				PRODUCT_BUNDLE_IDENTIFIER = squere.obelisk2Tests;
				PRODUCT_NAME = "$(TARGET_NAME)";
				SWIFT_VERSION = 5.0;
				TARGETED_DEVICE_FAMILY = "1,2";
				TEST_HOST = "$(BUILT_PRODUCTS_DIR)/obelisk2.app/obelisk2";
			};
			name = Debug;
		};
		CEB0262525E6ADE0009B26A5 /* Release */ = {
			isa = XCBuildConfiguration;
			buildSettings = {
				ALWAYS_EMBED_SWIFT_STANDARD_LIBRARIES = YES;
				BUNDLE_LOADER = "$(TEST_HOST)";
				CODE_SIGN_IDENTITY = "iPhone Developer";
				CODE_SIGN_STYLE = Automatic;
				DEVELOPMENT_TEAM = 5HAA5T754N;
				ENABLE_HARDENED_RUNTIME = YES;
				INFOPLIST_FILE = obelisk2Tests/Info.plist;
				IPHONEOS_DEPLOYMENT_TARGET = 14.4;
				LD_RUNPATH_SEARCH_PATHS = (
					"$(inherited)",
					"@executable_path/Frameworks",
					"@loader_path/Frameworks",
				);
				PRODUCT_BUNDLE_IDENTIFIER = squere.obelisk2Tests;
				PRODUCT_NAME = "$(TARGET_NAME)";
				SWIFT_VERSION = 5.0;
				TARGETED_DEVICE_FAMILY = "1,2";
				TEST_HOST = "$(BUILT_PRODUCTS_DIR)/obelisk2.app/obelisk2";
			};
			name = Release;
		};
		CEB0262725E6ADE0009B26A5 /* Debug */ = {
			isa = XCBuildConfiguration;
			buildSettings = {
				ALWAYS_EMBED_SWIFT_STANDARD_LIBRARIES = YES;
				CODE_SIGN_IDENTITY = "iPhone Developer";
				CODE_SIGN_STYLE = Automatic;
				DEVELOPMENT_TEAM = 5HAA5T754N;
				INFOPLIST_FILE = obelisk2UITests/Info.plist;
				LD_RUNPATH_SEARCH_PATHS = (
					"$(inherited)",
					"@executable_path/Frameworks",
					"@loader_path/Frameworks",
				);
				PRODUCT_BUNDLE_IDENTIFIER = squere.obelisk2UITests;
				PRODUCT_NAME = "$(TARGET_NAME)";
				SWIFT_VERSION = 5.0;
				TARGETED_DEVICE_FAMILY = "1,2";
				TEST_TARGET_NAME = obelisk2;
			};
			name = Debug;
		};
		CEB0262825E6ADE0009B26A5 /* Release */ = {
			isa = XCBuildConfiguration;
			buildSettings = {
				ALWAYS_EMBED_SWIFT_STANDARD_LIBRARIES = YES;
				CODE_SIGN_IDENTITY = "iPhone Developer";
				CODE_SIGN_STYLE = Automatic;
				DEVELOPMENT_TEAM = 5HAA5T754N;
				INFOPLIST_FILE = obelisk2UITests/Info.plist;
				LD_RUNPATH_SEARCH_PATHS = (
					"$(inherited)",
					"@executable_path/Frameworks",
					"@loader_path/Frameworks",
				);
				PRODUCT_BUNDLE_IDENTIFIER = squere.obelisk2UITests;
				PRODUCT_NAME = "$(TARGET_NAME)";
				SWIFT_VERSION = 5.0;
				TARGETED_DEVICE_FAMILY = "1,2";
				TEST_TARGET_NAME = obelisk2;
			};
			name = Release;
		};
/* End XCBuildConfiguration section */

/* Begin XCConfigurationList section */
		CEB025F125E6ADDD009B26A5 /* Build configuration list for PBXProject "obelisk2" */ = {
			isa = XCConfigurationList;
			buildConfigurations = (
				CEB0261E25E6ADE0009B26A5 /* Debug */,
				CEB0261F25E6ADE0009B26A5 /* Release */,
			);
			defaultConfigurationIsVisible = 0;
			defaultConfigurationName = Release;
		};
		CEB0262025E6ADE0009B26A5 /* Build configuration list for PBXNativeTarget "obelisk2" */ = {
			isa = XCConfigurationList;
			buildConfigurations = (
				CEB0262125E6ADE0009B26A5 /* Debug */,
				CEB0262225E6ADE0009B26A5 /* Release */,
			);
			defaultConfigurationIsVisible = 0;
			defaultConfigurationName = Release;
		};
		CEB0262325E6ADE0009B26A5 /* Build configuration list for PBXNativeTarget "obelisk2Tests" */ = {
			isa = XCConfigurationList;
			buildConfigurations = (
				CEB0262425E6ADE0009B26A5 /* Debug */,
				CEB0262525E6ADE0009B26A5 /* Release */,
			);
			defaultConfigurationIsVisible = 0;
			defaultConfigurationName = Release;
		};
		CEB0262625E6ADE0009B26A5 /* Build configuration list for PBXNativeTarget "obelisk2UITests" */ = {
			isa = XCConfigurationList;
			buildConfigurations = (
				CEB0262725E6ADE0009B26A5 /* Debug */,
				CEB0262825E6ADE0009B26A5 /* Release */,
			);
			defaultConfigurationIsVisible = 0;
			defaultConfigurationName = Release;
		};
/* End XCConfigurationList section */
	};
	rootObject = CEB025EE25E6ADDD009B26A5 /* Project object */;
}
